
Microsoft Visual Studio Solution File, Format Version 12.00
# Visual Studio Version 16
VisualStudioVersion = 16.0.34114.132
MinimumVisualStudioVersion = 10.0.40219.1
Project("{FAE04EC0-301F-11D3-BF4B-00C04F79EFBC}") = "DoubleTFurniture", "DoubleTFurniture.csproj", "{F11B6368-9996-43EB-A7DA-97ACB208BBA9}"
EndProject
Global
	GlobalSection(SolutionConfigurationPlatforms) = preSolution
		Debug|Any CPU = Debug|Any CPU
		Release|Any CPU = Release|Any CPU
	EndGlobalSection
	GlobalSection(ProjectConfigurationPlatforms) = postSolution
		{F11B6368-9996-43EB-A7DA-97ACB208BBA9}.Debug|Any CPU.ActiveCfg = Debug|Any CPU
		{F11B6368-9996-43EB-A7DA-97ACB208BBA9}.Debug|Any CPU.Build.0 = Debug|Any CPU
		{F11B6368-9996-43EB-A7DA-97ACB208BBA9}.Release|Any CPU.ActiveCfg = Release|Any CPU
		{F11B6368-9996-43EB-A7DA-97ACB208BBA9}.Release|Any CPU.Build.0 = Release|Any CPU
	EndGlobalSection
	GlobalSection(SolutionProperties) = preSolution
		HideSolutionNode = FALSE
	EndGlobalSection
	GlobalSection(ExtensibilityGlobals) = postSolution
		SolutionGuid = {4E57398E-96C3-4C65-9202-F395B7125FBB}
	EndGlobalSection
EndGlobal
